// !$*UTF8*$!
{
	archiveVersion = 1;
	classes = {
	};
	objectVersion = 46;
	objects = {

/* Begin PBXBuildFile section */
		501690021A132CB800EEDB10 /* Foundation.framework in Frameworks */ = {isa = PBXBuildFile; fileRef = 501690011A132CB800EEDB10 /* Foundation.framework */; };
		501690041A132CB800EEDB10 /* CoreGraphics.framework in Frameworks */ = {isa = PBXBuildFile; fileRef = 501690031A132CB800EEDB10 /* CoreGraphics.framework */; };
		501690061A132CB800EEDB10 /* UIKit.framework in Frameworks */ = {isa = PBXBuildFile; fileRef = 501690051A132CB800EEDB10 /* UIKit.framework */; };
		5016900C1A132CB800EEDB10 /* InfoPlist.strings in Resources */ = {isa = PBXBuildFile; fileRef = 5016900A1A132CB800EEDB10 /* InfoPlist.strings */; };
		5016900E1A132CB800EEDB10 /* main.m in Sources */ = {isa = PBXBuildFile; fileRef = 5016900D1A132CB800EEDB10 /* main.m */; };
		501690121A132CB800EEDB10 /* AppDelegate.m in Sources */ = {isa = PBXBuildFile; fileRef = 501690111A132CB800EEDB10 /* AppDelegate.m */; };
		501690141A132CB800EEDB10 /* Images.xcassets in Resources */ = {isa = PBXBuildFile; fileRef = 501690131A132CB800EEDB10 /* Images.xcassets */; };
		5016901B1A132CB900EEDB10 /* XCTest.framework in Frameworks */ = {isa = PBXBuildFile; fileRef = 5016901A1A132CB900EEDB10 /* XCTest.framework */; };
		5016901C1A132CB900EEDB10 /* Foundation.framework in Frameworks */ = {isa = PBXBuildFile; fileRef = 501690011A132CB800EEDB10 /* Foundation.framework */; };
		5016901D1A132CB900EEDB10 /* UIKit.framework in Frameworks */ = {isa = PBXBuildFile; fileRef = 501690051A132CB800EEDB10 /* UIKit.framework */; };
		501690251A132CB900EEDB10 /* InfoPlist.strings in Resources */ = {isa = PBXBuildFile; fileRef = 501690231A132CB900EEDB10 /* InfoPlist.strings */; };
		501690271A132CB900EEDB10 /* SnakeTests.m in Sources */ = {isa = PBXBuildFile; fileRef = 501690261A132CB900EEDB10 /* SnakeTests.m */; };
		5016903F1A1332EB00EEDB10 /* UIViewExt.m in Sources */ = {isa = PBXBuildFile; fileRef = 5016903B1A1332EB00EEDB10 /* UIViewExt.m */; };
		501A3A231A81877000CA4F54 /* InstructionViewController.m in Sources */ = {isa = PBXBuildFile; fileRef = 501A3A221A81877000CA4F54 /* InstructionViewController.m */; };
		501FD5771A9E61B00033E0A5 /* back01.jpg in Resources */ = {isa = PBXBuildFile; fileRef = 501FD56D1A9E61B00033E0A5 /* back01.jpg */; };
		501FD5781A9E61B00033E0A5 /* back02.jpg in Resources */ = {isa = PBXBuildFile; fileRef = 501FD56E1A9E61B00033E0A5 /* back02.jpg */; };
		501FD5791A9E61B00033E0A5 /* back03.jpg in Resources */ = {isa = PBXBuildFile; fileRef = 501FD56F1A9E61B00033E0A5 /* back03.jpg */; };
		501FD57A1A9E61B00033E0A5 /* back04.jpg in Resources */ = {isa = PBXBuildFile; fileRef = 501FD5701A9E61B00033E0A5 /* back04.jpg */; };
		501FD57B1A9E61B00033E0A5 /* back05.jpg in Resources */ = {isa = PBXBuildFile; fileRef = 501FD5711A9E61B00033E0A5 /* back05.jpg */; };
		501FD57C1A9E61B00033E0A5 /* back06.jpg in Resources */ = {isa = PBXBuildFile; fileRef = 501FD5721A9E61B00033E0A5 /* back06.jpg */; };
		501FD57D1A9E61B00033E0A5 /* back07.jpg in Resources */ = {isa = PBXBuildFile; fileRef = 501FD5731A9E61B00033E0A5 /* back07.jpg */; };
		501FD57E1A9E61B00033E0A5 /* back08.jpg in Resources */ = {isa = PBXBuildFile; fileRef = 501FD5741A9E61B00033E0A5 /* back08.jpg */; };
		501FD57F1A9E61B00033E0A5 /* back09.jpg in Resources */ = {isa = PBXBuildFile; fileRef = 501FD5751A9E61B00033E0A5 /* back09.jpg */; };
		501FD5861A9E6BE90033E0A5 /* back12.jpg in Resources */ = {isa = PBXBuildFile; fileRef = 501FD5821A9E6BE90033E0A5 /* back12.jpg */; };
		501FD58A1A9E6FDC0033E0A5 /* back20.jpg in Resources */ = {isa = PBXBuildFile; fileRef = 501FD5891A9E6FDC0033E0A5 /* back20.jpg */; };
		501FD58C1A9E7C120033E0A5 /* 02.jpg in Resources */ = {isa = PBXBuildFile; fileRef = 501FD58B1A9E7C120033E0A5 /* 02.jpg */; };
		5026CAED1A9B58F8002FE2EE /* NetStateCheck.m in Sources */ = {isa = PBXBuildFile; fileRef = 5026CAEA1A9B58F8002FE2EE /* NetStateCheck.m */; };
		5026CAEE1A9B58F8002FE2EE /* Reachability.m in Sources */ = {isa = PBXBuildFile; fileRef = 5026CAEC1A9B58F8002FE2EE /* Reachability.m */; settings = {COMPILER_FLAGS = "-fno-objc-arc"; }; };
		5037B49E1A9D74E100D4380E /* LevelViewController.m in Sources */ = {isa = PBXBuildFile; fileRef = 5037B49D1A9D74E100D4380E /* LevelViewController.m */; };
		50428C6F1A72E66B00AE1746 /* RootViewController.m in Sources */ = {isa = PBXBuildFile; fileRef = 50428C6A1A72E66B00AE1746 /* RootViewController.m */; };
		50428C701A72E66B00AE1746 /* SearchViewController.m in Sources */ = {isa = PBXBuildFile; fileRef = 50428C6C1A72E66B00AE1746 /* SearchViewController.m */; };
		50428C711A72E66B00AE1746 /* SecondControllerViewController.m in Sources */ = {isa = PBXBuildFile; fileRef = 50428C6E1A72E66B00AE1746 /* SecondControllerViewController.m */; };
		50428C741A72E69300AE1746 /* GameViewController.m in Sources */ = {isa = PBXBuildFile; fileRef = 50428C731A72E69300AE1746 /* GameViewController.m */; };
		50428C7A1A72F17B00AE1746 /* HighScoresViewController.m in Sources */ = {isa = PBXBuildFile; fileRef = 50428C791A72F17B00AE1746 /* HighScoresViewController.m */; };
		50428C7D1A72F2B500AE1746 /* common.m in Sources */ = {isa = PBXBuildFile; fileRef = 50428C7C1A72F2B500AE1746 /* common.m */; };
		50428C801A73048F00AE1746 /* BaseViewController.m in Sources */ = {isa = PBXBuildFile; fileRef = 50428C7F1A73048F00AE1746 /* BaseViewController.m */; };
		50428C821A73064300AE1746 /* Icon_LeftArrow_Normal.png in Resources */ = {isa = PBXBuildFile; fileRef = 50428C811A73064300AE1746 /* Icon_LeftArrow_Normal.png */; };
		50428C861A73115C00AE1746 /* NetWorkingConnetion.m in Sources */ = {isa = PBXBuildFile; fileRef = 50428C851A73115C00AE1746 /* NetWorkingConnetion.m */; };
		5066CB301AB229FD00D7F6B4 /* NSDate+Ext.m in Sources */ = {isa = PBXBuildFile; fileRef = 5066CB2B1AB229FD00D7F6B4 /* NSDate+Ext.m */; };
		5066CB311AB229FD00D7F6B4 /* NSString+Ext.m in Sources */ = {isa = PBXBuildFile; fileRef = 5066CB2D1AB229FD00D7F6B4 /* NSString+Ext.m */; };
		5066CB321AB229FD00D7F6B4 /* VersionUpdateAssistant.m in Sources */ = {isa = PBXBuildFile; fileRef = 5066CB2F1AB229FD00D7F6B4 /* VersionUpdateAssistant.m */; };
		5066CC501AB242DC00D7F6B4 /* FacebookSDK.framework in Frameworks */ = {isa = PBXBuildFile; fileRef = 5066CB351AB242DB00D7F6B4 /* FacebookSDK.framework */; };
		5066CD1A1AB28CCC00D7F6B4 /* facebook-icon.png in Resources */ = {isa = PBXBuildFile; fileRef = 5066CD191AB28CCC00D7F6B4 /* facebook-icon.png */; };
		50779E0A1A2D54EA00DB44F2 /* AudioToolbox.framework in Frameworks */ = {isa = PBXBuildFile; fileRef = 50779E091A2D54EA00DB44F2 /* AudioToolbox.framework */; };
		50779E0C1A2D54F200DB44F2 /* CFNetwork.framework in Frameworks */ = {isa = PBXBuildFile; fileRef = 50779E0B1A2D54F100DB44F2 /* CFNetwork.framework */; };
		50779E0E1A2D550800DB44F2 /* CoreLocation.framework in Frameworks */ = {isa = PBXBuildFile; fileRef = 50779E0D1A2D550800DB44F2 /* CoreLocation.framework */; };
		50779E101A2D551300DB44F2 /* libz.1.dylib in Frameworks */ = {isa = PBXBuildFile; fileRef = 50779E0F1A2D551300DB44F2 /* libz.1.dylib */; };
		50779E121A2D552000DB44F2 /* QuartzCore.framework in Frameworks */ = {isa = PBXBuildFile; fileRef = 50779E111A2D552000DB44F2 /* QuartzCore.framework */; };
		50779E141A2D552600DB44F2 /* Security.framework in Frameworks */ = {isa = PBXBuildFile; fileRef = 50779E131A2D552600DB44F2 /* Security.framework */; };
		50779E161A2D552E00DB44F2 /* StoreKit.framework in Frameworks */ = {isa = PBXBuildFile; fileRef = 50779E151A2D552E00DB44F2 /* StoreKit.framework */; };
		50779E1A1A2D57E900DB44F2 /* Bolts.framework in Frameworks */ = {isa = PBXBuildFile; fileRef = 50779E171A2D57E900DB44F2 /* Bolts.framework */; };
		50779E1B1A2D57E900DB44F2 /* ParseFacebookUtils.framework in Frameworks */ = {isa = PBXBuildFile; fileRef = 50779E181A2D57E900DB44F2 /* ParseFacebookUtils.framework */; };
		50779E1C1A2D57E900DB44F2 /* ParseUI.framework in Frameworks */ = {isa = PBXBuildFile; fileRef = 50779E191A2D57E900DB44F2 /* ParseUI.framework */; };
		50779E1E1A2D67D500DB44F2 /* Default.png in Resources */ = {isa = PBXBuildFile; fileRef = 50779E1D1A2D67D500DB44F2 /* Default.png */; };
		50779E201A2D68A700DB44F2 /* Default2.png in Resources */ = {isa = PBXBuildFile; fileRef = 50779E1F1A2D68A700DB44F2 /* Default2.png */; };
		508373F81A708EDF001AC2E5 /* AsyncSocket.m in Sources */ = {isa = PBXBuildFile; fileRef = 508373F51A708EDF001AC2E5 /* AsyncSocket.m */; settings = {COMPILER_FLAGS = "-fno-objc-arc"; }; };
		508373F91A708EDF001AC2E5 /* AsyncUdpSocket.m in Sources */ = {isa = PBXBuildFile; fileRef = 508373F71A708EDF001AC2E5 /* AsyncUdpSocket.m */; settings = {COMPILER_FLAGS = "-fno-objc-arc"; }; };
		5088CD161A2C1169006EDBD8 /* Parse.framework in Frameworks */ = {isa = PBXBuildFile; fileRef = 5088CD151A2C1169006EDBD8 /* Parse.framework */; };
		5088CD181A2C11BC006EDBD8 /* MobileCoreServices.framework in Frameworks */ = {isa = PBXBuildFile; fileRef = 5088CD171A2C11BC006EDBD8 /* MobileCoreServices.framework */; };
		5088CD1B1A2C11C5006EDBD8 /* ParseManager.m in Sources */ = {isa = PBXBuildFile; fileRef = 5088CD1A1A2C11C5006EDBD8 /* ParseManager.m */; };
		5088CD1D1A2C11FF006EDBD8 /* SystemConfiguration.framework in Frameworks */ = {isa = PBXBuildFile; fileRef = 5088CD1C1A2C11FF006EDBD8 /* SystemConfiguration.framework */; };
		508FD5041A81519400E9AA3A /* bgc.mp3 in Resources */ = {isa = PBXBuildFile; fileRef = 508FD4F41A81519400E9AA3A /* bgc.mp3 */; };
		508FD5051A81519400E9AA3A /* bite1.mp3 in Resources */ = {isa = PBXBuildFile; fileRef = 508FD4F51A81519400E9AA3A /* bite1.mp3 */; };
		508FD5061A81519400E9AA3A /* bite2.mp3 in Resources */ = {isa = PBXBuildFile; fileRef = 508FD4F61A81519400E9AA3A /* bite2.mp3 */; };
		508FD5071A81519400E9AA3A /* clock.mp3 in Resources */ = {isa = PBXBuildFile; fileRef = 508FD4F71A81519400E9AA3A /* clock.mp3 */; };
		508FD5081A81519400E9AA3A /* cnhq.mp3 in Resources */ = {isa = PBXBuildFile; fileRef = 508FD4F81A81519400E9AA3A /* cnhq.mp3 */; };
		508FD5091A81519400E9AA3A /* eatx1.wav in Resources */ = {isa = PBXBuildFile; fileRef = 508FD4F91A81519400E9AA3A /* eatx1.wav */; };
		508FD50A1A81519400E9AA3A /* eatx2.wav in Resources */ = {isa = PBXBuildFile; fileRef = 508FD4FA1A81519400E9AA3A /* eatx2.wav */; };
		508FD50B1A81519400E9AA3A /* gear_ldown.mp3 in Resources */ = {isa = PBXBuildFile; fileRef = 508FD4FB1A81519400E9AA3A /* gear_ldown.mp3 */; };
		508FD50C1A81519400E9AA3A /* gear_lup.mp3 in Resources */ = {isa = PBXBuildFile; fileRef = 508FD4FC1A81519400E9AA3A /* gear_lup.mp3 */; };
		508FD50D1A81519400E9AA3A /* gear_score.mp3 in Resources */ = {isa = PBXBuildFile; fileRef = 508FD4FD1A81519400E9AA3A /* gear_score.mp3 */; };
		508FD50E1A81519400E9AA3A /* gem.mp3 in Resources */ = {isa = PBXBuildFile; fileRef = 508FD4FE1A81519400E9AA3A /* gem.mp3 */; };
		508FD50F1A81519400E9AA3A /* menu.mp3 in Resources */ = {isa = PBXBuildFile; fileRef = 508FD4FF1A81519400E9AA3A /* menu.mp3 */; };
		508FD5101A81519400E9AA3A /* snda.mp3 in Resources */ = {isa = PBXBuildFile; fileRef = 508FD5001A81519400E9AA3A /* snda.mp3 */; };
		508FD5111A81519400E9AA3A /* sndb.mp3 in Resources */ = {isa = PBXBuildFile; fileRef = 508FD5011A81519400E9AA3A /* sndb.mp3 */; };
		508FD5121A81519400E9AA3A /* timeup.mp3 in Resources */ = {isa = PBXBuildFile; fileRef = 508FD5021A81519400E9AA3A /* timeup.mp3 */; };
		508FD5131A81519400E9AA3A /* up.mp3 in Resources */ = {isa = PBXBuildFile; fileRef = 508FD5031A81519400E9AA3A /* up.mp3 */; };
		508FD5911A81736000E9AA3A /* MusicManager.swift in Sources */ = {isa = PBXBuildFile; fileRef = 508FD5901A81736000E9AA3A /* MusicManager.swift */; };
		509102611AAC0AE200B741DB /* customNavigationCtr.m in Sources */ = {isa = PBXBuildFile; fileRef = 509102601AAC0AE200B741DB /* customNavigationCtr.m */; };
		5097BB1A1A37CF540072D70A /* sqliteDataManage.m in Sources */ = {isa = PBXBuildFile; fileRef = 5097BB191A37CF540072D70A /* sqliteDataManage.m */; };
		50BE072D1A254A3900E21D68 /* LaunchAnimationView.m in Sources */ = {isa = PBXBuildFile; fileRef = 50BE071A1A254A3900E21D68 /* LaunchAnimationView.m */; };
		50BE073D1A254A3900E21D68 /* UIImageView+Ext.m in Sources */ = {isa = PBXBuildFile; fileRef = 50BE072C1A254A3900E21D68 /* UIImageView+Ext.m */; };
		50BE07491A254C4200E21D68 /* launch1-568h.jpg in Resources */ = {isa = PBXBuildFile; fileRef = 50BE073F1A254C4200E21D68 /* launch1-568h.jpg */; };
		50BE074A1A254C4200E21D68 /* launch1.jpg in Resources */ = {isa = PBXBuildFile; fileRef = 50BE07401A254C4200E21D68 /* launch1.jpg */; };
		50BE074B1A254C4200E21D68 /* launch2-568h.jpg in Resources */ = {isa = PBXBuildFile; fileRef = 50BE07411A254C4200E21D68 /* launch2-568h.jpg */; };
		50BE074C1A254C4200E21D68 /* launch2.jpg in Resources */ = {isa = PBXBuildFile; fileRef = 50BE07421A254C4200E21D68 /* launch2.jpg */; };
		50BE074D1A254C4200E21D68 /* launch3-568h.jpg in Resources */ = {isa = PBXBuildFile; fileRef = 50BE07431A254C4200E21D68 /* launch3-568h.jpg */; };
		50BE074E1A254C4200E21D68 /* launch3.jpg in Resources */ = {isa = PBXBuildFile; fileRef = 50BE07441A254C4200E21D68 /* launch3.jpg */; };
		50BE074F1A254C4200E21D68 /* launch4-568h.jpg in Resources */ = {isa = PBXBuildFile; fileRef = 50BE07451A254C4200E21D68 /* launch4-568h.jpg */; };
		50BE07501A254C4200E21D68 /* launch4.jpg in Resources */ = {isa = PBXBuildFile; fileRef = 50BE07461A254C4200E21D68 /* launch4.jpg */; };
		50BE07511A254C4200E21D68 /* launch5-568h.jpg in Resources */ = {isa = PBXBuildFile; fileRef = 50BE07471A254C4200E21D68 /* launch5-568h.jpg */; };
		50BE07521A254C4200E21D68 /* launch5.jpg in Resources */ = {isa = PBXBuildFile; fileRef = 50BE07481A254C4200E21D68 /* launch5.jpg */; };
		50BE07591A254DAA00E21D68 /* NSString+CustomCategory.m in Sources */ = {isa = PBXBuildFile; fileRef = 50BE07581A254DAA00E21D68 /* NSString+CustomCategory.m */; };
		50BE075B1A254DE500E21D68 /* libsqlite3.0.dylib in Frameworks */ = {isa = PBXBuildFile; fileRef = 50BE075A1A254DE500E21D68 /* libsqlite3.0.dylib */; };
		50C3049F1A8C18390023EA39 /* CoreMotion.framework in Frameworks */ = {isa = PBXBuildFile; fileRef = 50C3049E1A8C18390023EA39 /* CoreMotion.framework */; };
		50DDA4BB1A42829100E5D530 /* 03.jpg in Resources */ = {isa = PBXBuildFile; fileRef = 50DDA4B11A42829100E5D530 /* 03.jpg */; };
		50DDA4BC1A42829100E5D530 /* background.png in Resources */ = {isa = PBXBuildFile; fileRef = 50DDA4B21A42829100E5D530 /* background.png */; };
		50DDA4BD1A42829100E5D530 /* background2.png in Resources */ = {isa = PBXBuildFile; fileRef = 50DDA4B31A42829100E5D530 /* background2.png */; };
		50DDA4BF1A42829100E5D530 /* icon114.png in Resources */ = {isa = PBXBuildFile; fileRef = 50DDA4B51A42829100E5D530 /* icon114.png */; };
		50DDA4C01A42829100E5D530 /* instruction.png in Resources */ = {isa = PBXBuildFile; fileRef = 50DDA4B61A42829100E5D530 /* instruction.png */; };
		50DDA4C11A42829100E5D530 /* snakePic.png in Resources */ = {isa = PBXBuildFile; fileRef = 50DDA4B71A42829100E5D530 /* snakePic.png */; };
		50DDA4C21A42829100E5D530 /* snakeTitle.png in Resources */ = {isa = PBXBuildFile; fileRef = 50DDA4B81A42829100E5D530 /* snakeTitle.png */; };
		50DDA4C41A42829100E5D530 /* start.png in Resources */ = {isa = PBXBuildFile; fileRef = 50DDA4BA1A42829100E5D530 /* start.png */; };
		50DDA4C81A42873500E5D530 /* highScores.png in Resources */ = {isa = PBXBuildFile; fileRef = 50DDA4C71A42873500E5D530 /* highScores.png */; };
		50DDA4CC1A428AA100E5D530 /* sound.png in Resources */ = {isa = PBXBuildFile; fileRef = 50DDA4CB1A428AA100E5D530 /* sound.png */; };
		50F4205D1A2C239100814EDC /* icon120.png in Resources */ = {isa = PBXBuildFile; fileRef = 50F4205B1A2C239100814EDC /* icon120.png */; };
		50F4205E1A2C239100814EDC /* icon180.png in Resources */ = {isa = PBXBuildFile; fileRef = 50F4205C1A2C239100814EDC /* icon180.png */; };
		50FFAE681A89A96B00E0C0CB /* soundStop.png in Resources */ = {isa = PBXBuildFile; fileRef = 50FFAE671A89A96B00E0C0CB /* soundStop.png */; };
/* End PBXBuildFile section */

/* Begin PBXContainerItemProxy section */
		5016901E1A132CB900EEDB10 /* PBXContainerItemProxy */ = {
			isa = PBXContainerItemProxy;
			containerPortal = 50168FF61A132CB800EEDB10 /* Project object */;
			proxyType = 1;
			remoteGlobalIDString = 50168FFD1A132CB800EEDB10;
			remoteInfo = Snake;
		};
/* End PBXContainerItemProxy section */

/* Begin PBXFileReference section */
		50168FFE1A132CB800EEDB10 /* Snake.app */ = {isa = PBXFileReference; explicitFileType = wrapper.application; includeInIndex = 0; path = Snake.app; sourceTree = BUILT_PRODUCTS_DIR; };
		501690011A132CB800EEDB10 /* Foundation.framework */ = {isa = PBXFileReference; lastKnownFileType = wrapper.framework; name = Foundation.framework; path = System/Library/Frameworks/Foundation.framework; sourceTree = SDKROOT; };
		501690031A132CB800EEDB10 /* CoreGraphics.framework */ = {isa = PBXFileReference; lastKnownFileType = wrapper.framework; name = CoreGraphics.framework; path = System/Library/Frameworks/CoreGraphics.framework; sourceTree = SDKROOT; };
		501690051A132CB800EEDB10 /* UIKit.framework */ = {isa = PBXFileReference; lastKnownFileType = wrapper.framework; name = UIKit.framework; path = System/Library/Frameworks/UIKit.framework; sourceTree = SDKROOT; };
		501690091A132CB800EEDB10 /* Snake.temp_caseinsensitive_rename.temp_caseinsensitive_rename-Info.plist */ = {isa = PBXFileReference; lastKnownFileType = text.plist.xml; path = "Snake.temp_caseinsensitive_rename.temp_caseinsensitive_rename-Info.plist"; sourceTree = "<group>"; };
		5016900B1A132CB800EEDB10 /* en */ = {isa = PBXFileReference; lastKnownFileType = text.plist.strings; name = en; path = en.lproj/InfoPlist.strings; sourceTree = "<group>"; };
		5016900D1A132CB800EEDB10 /* main.m */ = {isa = PBXFileReference; lastKnownFileType = sourcecode.c.objc; path = main.m; sourceTree = "<group>"; };
		5016900F1A132CB800EEDB10 /* Snake.temp_caseinsensitive_rename.temp_caseinsensitive_rename-Prefix.pch */ = {isa = PBXFileReference; lastKnownFileType = sourcecode.c.h; path = "Snake.temp_caseinsensitive_rename.temp_caseinsensitive_rename-Prefix.pch"; sourceTree = "<group>"; };
		501690101A132CB800EEDB10 /* AppDelegate.h */ = {isa = PBXFileReference; lastKnownFileType = sourcecode.c.h; path = AppDelegate.h; sourceTree = "<group>"; };
		501690111A132CB800EEDB10 /* AppDelegate.m */ = {isa = PBXFileReference; lastKnownFileType = sourcecode.c.objc; path = AppDelegate.m; sourceTree = "<group>"; };
		501690131A132CB800EEDB10 /* Images.xcassets */ = {isa = PBXFileReference; lastKnownFileType = folder.assetcatalog; path = Images.xcassets; sourceTree = "<group>"; };
		501690191A132CB900EEDB10 /* Snake.temp_caseinsensitive_rename.temp_caseinsensitive_renameTests.xctest */ = {isa = PBXFileReference; explicitFileType = wrapper.cfbundle; includeInIndex = 0; path = Snake.temp_caseinsensitive_rename.temp_caseinsensitive_renameTests.xctest; sourceTree = BUILT_PRODUCTS_DIR; };
		5016901A1A132CB900EEDB10 /* XCTest.framework */ = {isa = PBXFileReference; lastKnownFileType = wrapper.framework; name = XCTest.framework; path = Library/Frameworks/XCTest.framework; sourceTree = DEVELOPER_DIR; };
		501690221A132CB900EEDB10 /* Snake.temp_caseinsensitive_rename.temp_caseinsensitive_renameTests-Info.plist */ = {isa = PBXFileReference; lastKnownFileType = text.plist.xml; path = "Snake.temp_caseinsensitive_rename.temp_caseinsensitive_renameTests-Info.plist"; sourceTree = "<group>"; };
		501690241A132CB900EEDB10 /* en */ = {isa = PBXFileReference; lastKnownFileType = text.plist.strings; name = en; path = en.lproj/InfoPlist.strings; sourceTree = "<group>"; };
		501690261A132CB900EEDB10 /* SnakeTests.m */ = {isa = PBXFileReference; lastKnownFileType = sourcecode.c.objc; path = SnakeTests.m; sourceTree = "<group>"; };
		5016903A1A1332EB00EEDB10 /* UIViewExt.h */ = {isa = PBXFileReference; fileEncoding = 4; lastKnownFileType = sourcecode.c.h; path = UIViewExt.h; sourceTree = "<group>"; };
		5016903B1A1332EB00EEDB10 /* UIViewExt.m */ = {isa = PBXFileReference; fileEncoding = 4; lastKnownFileType = sourcecode.c.objc; path = UIViewExt.m; sourceTree = "<group>"; };
		501A3A211A81877000CA4F54 /* InstructionViewController.h */ = {isa = PBXFileReference; fileEncoding = 4; lastKnownFileType = sourcecode.c.h; path = InstructionViewController.h; sourceTree = "<group>"; };
		501A3A221A81877000CA4F54 /* InstructionViewController.m */ = {isa = PBXFileReference; fileEncoding = 4; lastKnownFileType = sourcecode.c.objc; path = InstructionViewController.m; sourceTree = "<group>"; };
		501FD56D1A9E61B00033E0A5 /* back01.jpg */ = {isa = PBXFileReference; lastKnownFileType = image.jpeg; path = back01.jpg; sourceTree = "<group>"; };
		501FD56E1A9E61B00033E0A5 /* back02.jpg */ = {isa = PBXFileReference; lastKnownFileType = image.jpeg; path = back02.jpg; sourceTree = "<group>"; };
		501FD56F1A9E61B00033E0A5 /* back03.jpg */ = {isa = PBXFileReference; lastKnownFileType = image.jpeg; path = back03.jpg; sourceTree = "<group>"; };
		501FD5701A9E61B00033E0A5 /* back04.jpg */ = {isa = PBXFileReference; lastKnownFileType = image.jpeg; path = back04.jpg; sourceTree = "<group>"; };
		501FD5711A9E61B00033E0A5 /* back05.jpg */ = {isa = PBXFileReference; lastKnownFileType = image.jpeg; path = back05.jpg; sourceTree = "<group>"; };
		501FD5721A9E61B00033E0A5 /* back06.jpg */ = {isa = PBXFileReference; lastKnownFileType = image.jpeg; path = back06.jpg; sourceTree = "<group>"; };
		501FD5731A9E61B00033E0A5 /* back07.jpg */ = {isa = PBXFileReference; lastKnownFileType = image.jpeg; path = back07.jpg; sourceTree = "<group>"; };
		501FD5741A9E61B00033E0A5 /* back08.jpg */ = {isa = PBXFileReference; lastKnownFileType = image.jpeg; path = back08.jpg; sourceTree = "<group>"; };
		501FD5751A9E61B00033E0A5 /* back09.jpg */ = {isa = PBXFileReference; lastKnownFileType = image.jpeg; path = back09.jpg; sourceTree = "<group>"; };
		501FD5821A9E6BE90033E0A5 /* back12.jpg */ = {isa = PBXFileReference; lastKnownFileType = image.jpeg; path = back12.jpg; sourceTree = "<group>"; };
		501FD5891A9E6FDC0033E0A5 /* back20.jpg */ = {isa = PBXFileReference; lastKnownFileType = image.jpeg; path = back20.jpg; sourceTree = "<group>"; };
		501FD58B1A9E7C120033E0A5 /* 02.jpg */ = {isa = PBXFileReference; lastKnownFileType = image.jpeg; path = 02.jpg; sourceTree = "<group>"; };
		5026CAE91A9B58F8002FE2EE /* NetStateCheck.h */ = {isa = PBXFileReference; fileEncoding = 4; lastKnownFileType = sourcecode.c.h; path = NetStateCheck.h; sourceTree = "<group>"; };
		5026CAEA1A9B58F8002FE2EE /* NetStateCheck.m */ = {isa = PBXFileReference; fileEncoding = 4; lastKnownFileType = sourcecode.c.objc; path = NetStateCheck.m; sourceTree = "<group>"; };
		5026CAEB1A9B58F8002FE2EE /* Reachability.h */ = {isa = PBXFileReference; fileEncoding = 4; lastKnownFileType = sourcecode.c.h; path = Reachability.h; sourceTree = "<group>"; };
		5026CAEC1A9B58F8002FE2EE /* Reachability.m */ = {isa = PBXFileReference; fileEncoding = 4; lastKnownFileType = sourcecode.c.objc; path = Reachability.m; sourceTree = "<group>"; };
		5037B49C1A9D74E100D4380E /* LevelViewController.h */ = {isa = PBXFileReference; fileEncoding = 4; lastKnownFileType = sourcecode.c.h; path = LevelViewController.h; sourceTree = "<group>"; };
		5037B49D1A9D74E100D4380E /* LevelViewController.m */ = {isa = PBXFileReference; fileEncoding = 4; lastKnownFileType = sourcecode.c.objc; path = LevelViewController.m; sourceTree = "<group>"; };
		50428C691A72E66B00AE1746 /* RootViewController.h */ = {isa = PBXFileReference; fileEncoding = 4; lastKnownFileType = sourcecode.c.h; path = RootViewController.h; sourceTree = "<group>"; };
		50428C6A1A72E66B00AE1746 /* RootViewController.m */ = {isa = PBXFileReference; fileEncoding = 4; lastKnownFileType = sourcecode.c.objc; path = RootViewController.m; sourceTree = "<group>"; };
		50428C6B1A72E66B00AE1746 /* SearchViewController.h */ = {isa = PBXFileReference; fileEncoding = 4; lastKnownFileType = sourcecode.c.h; path = SearchViewController.h; sourceTree = "<group>"; };
		50428C6C1A72E66B00AE1746 /* SearchViewController.m */ = {isa = PBXFileReference; fileEncoding = 4; lastKnownFileType = sourcecode.c.objc; path = SearchViewController.m; sourceTree = "<group>"; };
		50428C6D1A72E66B00AE1746 /* SecondControllerViewController.h */ = {isa = PBXFileReference; fileEncoding = 4; lastKnownFileType = sourcecode.c.h; path = SecondControllerViewController.h; sourceTree = "<group>"; };
		50428C6E1A72E66B00AE1746 /* SecondControllerViewController.m */ = {isa = PBXFileReference; fileEncoding = 4; lastKnownFileType = sourcecode.c.objc; path = SecondControllerViewController.m; sourceTree = "<group>"; };
		50428C721A72E69300AE1746 /* GameViewController.h */ = {isa = PBXFileReference; fileEncoding = 4; lastKnownFileType = sourcecode.c.h; path = GameViewController.h; sourceTree = "<group>"; };
		50428C731A72E69300AE1746 /* GameViewController.m */ = {isa = PBXFileReference; fileEncoding = 4; lastKnownFileType = sourcecode.c.objc; path = GameViewController.m; sourceTree = "<group>"; };
		50428C781A72F17B00AE1746 /* HighScoresViewController.h */ = {isa = PBXFileReference; fileEncoding = 4; lastKnownFileType = sourcecode.c.h; path = HighScoresViewController.h; sourceTree = "<group>"; };
		50428C791A72F17B00AE1746 /* HighScoresViewController.m */ = {isa = PBXFileReference; fileEncoding = 4; lastKnownFileType = sourcecode.c.objc; path = HighScoresViewController.m; sourceTree = "<group>"; };
		50428C7B1A72F2B500AE1746 /* common.h */ = {isa = PBXFileReference; fileEncoding = 4; lastKnownFileType = sourcecode.c.h; path = common.h; sourceTree = "<group>"; };
		50428C7C1A72F2B500AE1746 /* common.m */ = {isa = PBXFileReference; fileEncoding = 4; lastKnownFileType = sourcecode.c.objc; path = common.m; sourceTree = "<group>"; };
		50428C7E1A73048F00AE1746 /* BaseViewController.h */ = {isa = PBXFileReference; fileEncoding = 4; lastKnownFileType = sourcecode.c.h; path = BaseViewController.h; sourceTree = "<group>"; };
		50428C7F1A73048F00AE1746 /* BaseViewController.m */ = {isa = PBXFileReference; fileEncoding = 4; lastKnownFileType = sourcecode.c.objc; path = BaseViewController.m; sourceTree = "<group>"; };
		50428C811A73064300AE1746 /* Icon_LeftArrow_Normal.png */ = {isa = PBXFileReference; lastKnownFileType = image.png; path = Icon_LeftArrow_Normal.png; sourceTree = "<group>"; };
		50428C841A73115C00AE1746 /* NetWorkingConnetion.h */ = {isa = PBXFileReference; fileEncoding = 4; lastKnownFileType = sourcecode.c.h; path = NetWorkingConnetion.h; sourceTree = "<group>"; };
		50428C851A73115C00AE1746 /* NetWorkingConnetion.m */ = {isa = PBXFileReference; fileEncoding = 4; lastKnownFileType = sourcecode.c.objc; path = NetWorkingConnetion.m; sourceTree = "<group>"; };
		5066CB2A1AB229FD00D7F6B4 /* NSDate+Ext.h */ = {isa = PBXFileReference; fileEncoding = 4; lastKnownFileType = sourcecode.c.h; path = "NSDate+Ext.h"; sourceTree = "<group>"; };
		5066CB2B1AB229FD00D7F6B4 /* NSDate+Ext.m */ = {isa = PBXFileReference; fileEncoding = 4; lastKnownFileType = sourcecode.c.objc; path = "NSDate+Ext.m"; sourceTree = "<group>"; };
		5066CB2C1AB229FD00D7F6B4 /* NSString+Ext.h */ = {isa = PBXFileReference; fileEncoding = 4; lastKnownFileType = sourcecode.c.h; path = "NSString+Ext.h"; sourceTree = "<group>"; };
		5066CB2D1AB229FD00D7F6B4 /* NSString+Ext.m */ = {isa = PBXFileReference; fileEncoding = 4; lastKnownFileType = sourcecode.c.objc; path = "NSString+Ext.m"; sourceTree = "<group>"; };
		5066CB2E1AB229FD00D7F6B4 /* VersionUpdateAssistant.h */ = {isa = PBXFileReference; fileEncoding = 4; lastKnownFileType = sourcecode.c.h; path = VersionUpdateAssistant.h; sourceTree = "<group>"; };
		5066CB2F1AB229FD00D7F6B4 /* VersionUpdateAssistant.m */ = {isa = PBXFileReference; fileEncoding = 4; lastKnownFileType = sourcecode.c.objc; path = VersionUpdateAssistant.m; sourceTree = "<group>"; };
		5066CB351AB242DB00D7F6B4 /* FacebookSDK.framework */ = {isa = PBXFileReference; lastKnownFileType = wrapper.framework; path = FacebookSDK.framework; sourceTree = "<group>"; };
		5066CD191AB28CCC00D7F6B4 /* facebook-icon.png */ = {isa = PBXFileReference; lastKnownFileType = image.png; path = "facebook-icon.png"; sourceTree = "<group>"; };
		50779E091A2D54EA00DB44F2 /* AudioToolbox.framework */ = {isa = PBXFileReference; lastKnownFileType = wrapper.framework; name = AudioToolbox.framework; path = System/Library/Frameworks/AudioToolbox.framework; sourceTree = SDKROOT; };
		50779E0B1A2D54F100DB44F2 /* CFNetwork.framework */ = {isa = PBXFileReference; lastKnownFileType = wrapper.framework; name = CFNetwork.framework; path = System/Library/Frameworks/CFNetwork.framework; sourceTree = SDKROOT; };
		50779E0D1A2D550800DB44F2 /* CoreLocation.framework */ = {isa = PBXFileReference; lastKnownFileType = wrapper.framework; name = CoreLocation.framework; path = System/Library/Frameworks/CoreLocation.framework; sourceTree = SDKROOT; };
		50779E0F1A2D551300DB44F2 /* libz.1.dylib */ = {isa = PBXFileReference; lastKnownFileType = "compiled.mach-o.dylib"; name = libz.1.dylib; path = usr/lib/libz.1.dylib; sourceTree = SDKROOT; };
		50779E111A2D552000DB44F2 /* QuartzCore.framework */ = {isa = PBXFileReference; lastKnownFileType = wrapper.framework; name = QuartzCore.framework; path = System/Library/Frameworks/QuartzCore.framework; sourceTree = SDKROOT; };
		50779E131A2D552600DB44F2 /* Security.framework */ = {isa = PBXFileReference; lastKnownFileType = wrapper.framework; name = Security.framework; path = System/Library/Frameworks/Security.framework; sourceTree = SDKROOT; };
		50779E151A2D552E00DB44F2 /* StoreKit.framework */ = {isa = PBXFileReference; lastKnownFileType = wrapper.framework; name = StoreKit.framework; path = System/Library/Frameworks/StoreKit.framework; sourceTree = SDKROOT; };
		50779E171A2D57E900DB44F2 /* Bolts.framework */ = {isa = PBXFileReference; lastKnownFileType = wrapper.framework; name = Bolts.framework; path = Snake/parse/Bolts.framework; sourceTree = "<group>"; };
		50779E181A2D57E900DB44F2 /* ParseFacebookUtils.framework */ = {isa = PBXFileReference; lastKnownFileType = wrapper.framework; name = ParseFacebookUtils.framework; path = Snake/parse/ParseFacebookUtils.framework; sourceTree = "<group>"; };
		50779E191A2D57E900DB44F2 /* ParseUI.framework */ = {isa = PBXFileReference; lastKnownFileType = wrapper.framework; name = ParseUI.framework; path = Snake/parse/ParseUI.framework; sourceTree = "<group>"; };
		50779E1D1A2D67D500DB44F2 /* Default.png */ = {isa = PBXFileReference; lastKnownFileType = image.png; path = Default.png; sourceTree = "<group>"; };
		50779E1F1A2D68A700DB44F2 /* Default2.png */ = {isa = PBXFileReference; lastKnownFileType = image.png; path = Default2.png; sourceTree = "<group>"; };
		508373F41A708EDF001AC2E5 /* AsyncSocket.h */ = {isa = PBXFileReference; fileEncoding = 4; lastKnownFileType = sourcecode.c.h; path = AsyncSocket.h; sourceTree = "<group>"; };
		508373F51A708EDF001AC2E5 /* AsyncSocket.m */ = {isa = PBXFileReference; fileEncoding = 4; lastKnownFileType = sourcecode.c.objc; path = AsyncSocket.m; sourceTree = "<group>"; };
		508373F61A708EDF001AC2E5 /* AsyncUdpSocket.h */ = {isa = PBXFileReference; fileEncoding = 4; lastKnownFileType = sourcecode.c.h; path = AsyncUdpSocket.h; sourceTree = "<group>"; };
		508373F71A708EDF001AC2E5 /* AsyncUdpSocket.m */ = {isa = PBXFileReference; fileEncoding = 4; lastKnownFileType = sourcecode.c.objc; path = AsyncUdpSocket.m; sourceTree = "<group>"; };
		5088CD151A2C1169006EDBD8 /* Parse.framework */ = {isa = PBXFileReference; lastKnownFileType = wrapper.framework; name = Parse.framework; path = Snake/parse/Parse.framework; sourceTree = "<group>"; };
		5088CD171A2C11BC006EDBD8 /* MobileCoreServices.framework */ = {isa = PBXFileReference; lastKnownFileType = wrapper.framework; name = MobileCoreServices.framework; path = System/Library/Frameworks/MobileCoreServices.framework; sourceTree = SDKROOT; };
		5088CD191A2C11C5006EDBD8 /* ParseManager.h */ = {isa = PBXFileReference; fileEncoding = 4; lastKnownFileType = sourcecode.c.h; path = ParseManager.h; sourceTree = "<group>"; };
		5088CD1A1A2C11C5006EDBD8 /* ParseManager.m */ = {isa = PBXFileReference; fileEncoding = 4; lastKnownFileType = sourcecode.c.objc; path = ParseManager.m; sourceTree = "<group>"; };
		5088CD1C1A2C11FF006EDBD8 /* SystemConfiguration.framework */ = {isa = PBXFileReference; lastKnownFileType = wrapper.framework; name = SystemConfiguration.framework; path = System/Library/Frameworks/SystemConfiguration.framework; sourceTree = SDKROOT; };
		508FD4F41A81519400E9AA3A /* bgc.mp3 */ = {isa = PBXFileReference; lastKnownFileType = audio.mp3; path = bgc.mp3; sourceTree = "<group>"; };
		508FD4F51A81519400E9AA3A /* bite1.mp3 */ = {isa = PBXFileReference; lastKnownFileType = audio.mp3; path = bite1.mp3; sourceTree = "<group>"; };
		508FD4F61A81519400E9AA3A /* bite2.mp3 */ = {isa = PBXFileReference; lastKnownFileType = audio.mp3; path = bite2.mp3; sourceTree = "<group>"; };
		508FD4F71A81519400E9AA3A /* clock.mp3 */ = {isa = PBXFileReference; lastKnownFileType = audio.mp3; path = clock.mp3; sourceTree = "<group>"; };
		508FD4F81A81519400E9AA3A /* cnhq.mp3 */ = {isa = PBXFileReference; lastKnownFileType = audio.mp3; path = cnhq.mp3; sourceTree = "<group>"; };
		508FD4F91A81519400E9AA3A /* eatx1.wav */ = {isa = PBXFileReference; lastKnownFileType = audio.wav; path = eatx1.wav; sourceTree = "<group>"; };
		508FD4FA1A81519400E9AA3A /* eatx2.wav */ = {isa = PBXFileReference; lastKnownFileType = audio.wav; path = eatx2.wav; sourceTree = "<group>"; };
		508FD4FB1A81519400E9AA3A /* gear_ldown.mp3 */ = {isa = PBXFileReference; lastKnownFileType = audio.mp3; path = gear_ldown.mp3; sourceTree = "<group>"; };
		508FD4FC1A81519400E9AA3A /* gear_lup.mp3 */ = {isa = PBXFileReference; lastKnownFileType = audio.mp3; path = gear_lup.mp3; sourceTree = "<group>"; };
		508FD4FD1A81519400E9AA3A /* gear_score.mp3 */ = {isa = PBXFileReference; lastKnownFileType = audio.mp3; path = gear_score.mp3; sourceTree = "<group>"; };
		508FD4FE1A81519400E9AA3A /* gem.mp3 */ = {isa = PBXFileReference; lastKnownFileType = audio.mp3; path = gem.mp3; sourceTree = "<group>"; };
		508FD4FF1A81519400E9AA3A /* menu.mp3 */ = {isa = PBXFileReference; lastKnownFileType = audio.mp3; path = menu.mp3; sourceTree = "<group>"; };
		508FD5001A81519400E9AA3A /* snda.mp3 */ = {isa = PBXFileReference; lastKnownFileType = audio.mp3; path = snda.mp3; sourceTree = "<group>"; };
		508FD5011A81519400E9AA3A /* sndb.mp3 */ = {isa = PBXFileReference; lastKnownFileType = audio.mp3; path = sndb.mp3; sourceTree = "<group>"; };
		508FD5021A81519400E9AA3A /* timeup.mp3 */ = {isa = PBXFileReference; lastKnownFileType = audio.mp3; path = timeup.mp3; sourceTree = "<group>"; };
		508FD5031A81519400E9AA3A /* up.mp3 */ = {isa = PBXFileReference; lastKnownFileType = audio.mp3; path = up.mp3; sourceTree = "<group>"; };
		508FD58B1A816D4000E9AA3A /* Snake-Bridging-Header.h */ = {isa = PBXFileReference; fileEncoding = 4; lastKnownFileType = sourcecode.c.h; path = "Snake-Bridging-Header.h"; sourceTree = "<group>"; };
		508FD5901A81736000E9AA3A /* MusicManager.swift */ = {isa = PBXFileReference; fileEncoding = 4; lastKnownFileType = sourcecode.swift; path = MusicManager.swift; sourceTree = "<group>"; };
		5091025D1AABE05A00B741DB /* NetworkConnection.h */ = {isa = PBXFileReference; fileEncoding = 4; lastKnownFileType = sourcecode.c.h; path = NetworkConnection.h; sourceTree = "<group>"; };
		5091025F1AAC0AE200B741DB /* customNavigationCtr.h */ = {isa = PBXFileReference; fileEncoding = 4; lastKnownFileType = sourcecode.c.h; path = customNavigationCtr.h; sourceTree = "<group>"; };
		509102601AAC0AE200B741DB /* customNavigationCtr.m */ = {isa = PBXFileReference; fileEncoding = 4; lastKnownFileType = sourcecode.c.objc; path = customNavigationCtr.m; sourceTree = "<group>"; };
		5097BB181A37CF540072D70A /* sqliteDataManage.h */ = {isa = PBXFileReference; fileEncoding = 4; lastKnownFileType = sourcecode.c.h; path = sqliteDataManage.h; sourceTree = "<group>"; };
		5097BB191A37CF540072D70A /* sqliteDataManage.m */ = {isa = PBXFileReference; fileEncoding = 4; lastKnownFileType = sourcecode.c.objc; path = sqliteDataManage.m; sourceTree = "<group>"; };
		50BE07191A254A3900E21D68 /* LaunchAnimationView.h */ = {isa = PBXFileReference; fileEncoding = 4; lastKnownFileType = sourcecode.c.h; path = LaunchAnimationView.h; sourceTree = "<group>"; };
		50BE071A1A254A3900E21D68 /* LaunchAnimationView.m */ = {isa = PBXFileReference; fileEncoding = 4; lastKnownFileType = sourcecode.c.objc; path = LaunchAnimationView.m; sourceTree = "<group>"; };
		50BE072B1A254A3900E21D68 /* UIImageView+Ext.h */ = {isa = PBXFileReference; fileEncoding = 4; lastKnownFileType = sourcecode.c.h; path = "UIImageView+Ext.h"; sourceTree = "<group>"; };
		50BE072C1A254A3900E21D68 /* UIImageView+Ext.m */ = {isa = PBXFileReference; fileEncoding = 4; lastKnownFileType = sourcecode.c.objc; path = "UIImageView+Ext.m"; sourceTree = "<group>"; };
		50BE073F1A254C4200E21D68 /* launch1-568h.jpg */ = {isa = PBXFileReference; lastKnownFileType = image.jpeg; path = "launch1-568h.jpg"; sourceTree = "<group>"; };
		50BE07401A254C4200E21D68 /* launch1.jpg */ = {isa = PBXFileReference; lastKnownFileType = image.jpeg; path = launch1.jpg; sourceTree = "<group>"; };
		50BE07411A254C4200E21D68 /* launch2-568h.jpg */ = {isa = PBXFileReference; lastKnownFileType = image.jpeg; path = "launch2-568h.jpg"; sourceTree = "<group>"; };
		50BE07421A254C4200E21D68 /* launch2.jpg */ = {isa = PBXFileReference; lastKnownFileType = image.jpeg; path = launch2.jpg; sourceTree = "<group>"; };
		50BE07431A254C4200E21D68 /* launch3-568h.jpg */ = {isa = PBXFileReference; lastKnownFileType = image.jpeg; path = "launch3-568h.jpg"; sourceTree = "<group>"; };
		50BE07441A254C4200E21D68 /* launch3.jpg */ = {isa = PBXFileReference; lastKnownFileType = image.jpeg; path = launch3.jpg; sourceTree = "<group>"; };
		50BE07451A254C4200E21D68 /* launch4-568h.jpg */ = {isa = PBXFileReference; lastKnownFileType = image.jpeg; path = "launch4-568h.jpg"; sourceTree = "<group>"; };
		50BE07461A254C4200E21D68 /* launch4.jpg */ = {isa = PBXFileReference; lastKnownFileType = image.jpeg; path = launch4.jpg; sourceTree = "<group>"; };
		50BE07471A254C4200E21D68 /* launch5-568h.jpg */ = {isa = PBXFileReference; lastKnownFileType = image.jpeg; path = "launch5-568h.jpg"; sourceTree = "<group>"; };
		50BE07481A254C4200E21D68 /* launch5.jpg */ = {isa = PBXFileReference; lastKnownFileType = image.jpeg; path = launch5.jpg; sourceTree = "<group>"; };
		50BE07571A254DAA00E21D68 /* NSString+CustomCategory.h */ = {isa = PBXFileReference; fileEncoding = 4; lastKnownFileType = sourcecode.c.h; path = "NSString+CustomCategory.h"; sourceTree = "<group>"; };
		50BE07581A254DAA00E21D68 /* NSString+CustomCategory.m */ = {isa = PBXFileReference; fileEncoding = 4; lastKnownFileType = sourcecode.c.objc; path = "NSString+CustomCategory.m"; sourceTree = "<group>"; };
		50BE075A1A254DE500E21D68 /* libsqlite3.0.dylib */ = {isa = PBXFileReference; lastKnownFileType = "compiled.mach-o.dylib"; name = libsqlite3.0.dylib; path = usr/lib/libsqlite3.0.dylib; sourceTree = SDKROOT; };
		50C3049E1A8C18390023EA39 /* CoreMotion.framework */ = {isa = PBXFileReference; lastKnownFileType = wrapper.framework; name = CoreMotion.framework; path = System/Library/Frameworks/CoreMotion.framework; sourceTree = SDKROOT; };
		50DDA4B11A42829100E5D530 /* 03.jpg */ = {isa = PBXFileReference; lastKnownFileType = image.jpeg; path = 03.jpg; sourceTree = "<group>"; };
		50DDA4B21A42829100E5D530 /* background.png */ = {isa = PBXFileReference; lastKnownFileType = image.png; path = background.png; sourceTree = "<group>"; };
		50DDA4B31A42829100E5D530 /* background2.png */ = {isa = PBXFileReference; lastKnownFileType = image.png; path = background2.png; sourceTree = "<group>"; };
		50DDA4B51A42829100E5D530 /* icon114.png */ = {isa = PBXFileReference; lastKnownFileType = image.png; path = icon114.png; sourceTree = "<group>"; };
		50DDA4B61A42829100E5D530 /* instruction.png */ = {isa = PBXFileReference; lastKnownFileType = image.png; path = instruction.png; sourceTree = "<group>"; };
		50DDA4B71A42829100E5D530 /* snakePic.png */ = {isa = PBXFileReference; lastKnownFileType = image.png; path = snakePic.png; sourceTree = "<group>"; };
		50DDA4B81A42829100E5D530 /* snakeTitle.png */ = {isa = PBXFileReference; lastKnownFileType = image.png; path = snakeTitle.png; sourceTree = "<group>"; };
		50DDA4BA1A42829100E5D530 /* start.png */ = {isa = PBXFileReference; lastKnownFileType = image.png; path = start.png; sourceTree = "<group>"; };
		50DDA4C71A42873500E5D530 /* highScores.png */ = {isa = PBXFileReference; lastKnownFileType = image.png; path = highScores.png; sourceTree = "<group>"; };
		50DDA4CB1A428AA100E5D530 /* sound.png */ = {isa = PBXFileReference; lastKnownFileType = image.png; name = sound.png; path = Snake/images/sound.png; sourceTree = "<group>"; };
		50F4205B1A2C239100814EDC /* icon120.png */ = {isa = PBXFileReference; lastKnownFileType = image.png; path = icon120.png; sourceTree = "<group>"; };
		50F4205C1A2C239100814EDC /* icon180.png */ = {isa = PBXFileReference; lastKnownFileType = image.png; path = icon180.png; sourceTree = "<group>"; };
		50FFAE671A89A96B00E0C0CB /* soundStop.png */ = {isa = PBXFileReference; lastKnownFileType = image.png; path = soundStop.png; sourceTree = "<group>"; };
/* End PBXFileReference section */

/* Begin PBXFrameworksBuildPhase section */
		50168FFB1A132CB800EEDB10 /* Frameworks */ = {
			isa = PBXFrameworksBuildPhase;
			buildActionMask = 2147483647;
			files = (
				5066CC501AB242DC00D7F6B4 /* FacebookSDK.framework in Frameworks */,
				50C3049F1A8C18390023EA39 /* CoreMotion.framework in Frameworks */,
				50779E1A1A2D57E900DB44F2 /* Bolts.framework in Frameworks */,
				50779E1B1A2D57E900DB44F2 /* ParseFacebookUtils.framework in Frameworks */,
				50779E1C1A2D57E900DB44F2 /* ParseUI.framework in Frameworks */,
				5088CD161A2C1169006EDBD8 /* Parse.framework in Frameworks */,
				50779E161A2D552E00DB44F2 /* StoreKit.framework in Frameworks */,
				50779E141A2D552600DB44F2 /* Security.framework in Frameworks */,
				50779E121A2D552000DB44F2 /* QuartzCore.framework in Frameworks */,
				50779E101A2D551300DB44F2 /* libz.1.dylib in Frameworks */,
				50779E0E1A2D550800DB44F2 /* CoreLocation.framework in Frameworks */,
				501690041A132CB800EEDB10 /* CoreGraphics.framework in Frameworks */,
				50779E0C1A2D54F200DB44F2 /* CFNetwork.framework in Frameworks */,
				50779E0A1A2D54EA00DB44F2 /* AudioToolbox.framework in Frameworks */,
				5088CD1D1A2C11FF006EDBD8 /* SystemConfiguration.framework in Frameworks */,
				5088CD181A2C11BC006EDBD8 /* MobileCoreServices.framework in Frameworks */,
				50BE075B1A254DE500E21D68 /* libsqlite3.0.dylib in Frameworks */,
				501690061A132CB800EEDB10 /* UIKit.framework in Frameworks */,
				501690021A132CB800EEDB10 /* Foundation.framework in Frameworks */,
			);
			runOnlyForDeploymentPostprocessing = 0;
		};
		501690161A132CB900EEDB10 /* Frameworks */ = {
			isa = PBXFrameworksBuildPhase;
			buildActionMask = 2147483647;
			files = (
				5016901B1A132CB900EEDB10 /* XCTest.framework in Frameworks */,
				5016901D1A132CB900EEDB10 /* UIKit.framework in Frameworks */,
				5016901C1A132CB900EEDB10 /* Foundation.framework in Frameworks */,
			);
			runOnlyForDeploymentPostprocessing = 0;
		};
/* End PBXFrameworksBuildPhase section */

/* Begin PBXGroup section */
		50168FF51A132CB800EEDB10 = {
			isa = PBXGroup;
			children = (
				5066CB331AB242DB00D7F6B4 /* FacebookSDK */,
				5066CB291AB229FD00D7F6B4 /* versionCheck */,
				5026CAE81A9B58F8002FE2EE /* Reachability */,
				508FD4F31A81519400E9AA3A /* media */,
				508373F31A708EDF001AC2E5 /* AsyncSocket */,
				50DDA4CB1A428AA100E5D530 /* sound.png */,
				501690071A132CB800EEDB10 /* Snake */,
				501690201A132CB900EEDB10 /* SnakeTests */,
				501690001A132CB800EEDB10 /* Frameworks */,
				50168FFF1A132CB800EEDB10 /* Products */,
			);
			sourceTree = "<group>";
		};
		50168FFF1A132CB800EEDB10 /* Products */ = {
			isa = PBXGroup;
			children = (
				50168FFE1A132CB800EEDB10 /* Snake.app */,
				501690191A132CB900EEDB10 /* Snake.temp_caseinsensitive_rename.temp_caseinsensitive_renameTests.xctest */,
			);
			name = Products;
			sourceTree = "<group>";
		};
		501690001A132CB800EEDB10 /* Frameworks */ = {
			isa = PBXGroup;
			children = (
				50C3049E1A8C18390023EA39 /* CoreMotion.framework */,
				50779E171A2D57E900DB44F2 /* Bolts.framework */,
				50779E181A2D57E900DB44F2 /* ParseFacebookUtils.framework */,
				50779E191A2D57E900DB44F2 /* ParseUI.framework */,
				50779E151A2D552E00DB44F2 /* StoreKit.framework */,
				50779E131A2D552600DB44F2 /* Security.framework */,
				50779E111A2D552000DB44F2 /* QuartzCore.framework */,
				50779E0F1A2D551300DB44F2 /* libz.1.dylib */,
				50779E0D1A2D550800DB44F2 /* CoreLocation.framework */,
				50779E0B1A2D54F100DB44F2 /* CFNetwork.framework */,
				50779E091A2D54EA00DB44F2 /* AudioToolbox.framework */,
				5088CD1C1A2C11FF006EDBD8 /* SystemConfiguration.framework */,
				5088CD171A2C11BC006EDBD8 /* MobileCoreServices.framework */,
				5088CD151A2C1169006EDBD8 /* Parse.framework */,
				50BE075A1A254DE500E21D68 /* libsqlite3.0.dylib */,
				501690011A132CB800EEDB10 /* Foundation.framework */,
				501690031A132CB800EEDB10 /* CoreGraphics.framework */,
				501690051A132CB800EEDB10 /* UIKit.framework */,
				5016901A1A132CB900EEDB10 /* XCTest.framework */,
			);
			name = Frameworks;
			sourceTree = "<group>";
		};
		501690071A132CB800EEDB10 /* Snake */ = {
			isa = PBXGroup;
			children = (
				5091025E1AAC0AB900B741DB /* customSubject */,
				508FD54E1A81690E00E9AA3A /* musicHelper */,
				50428C831A73113C00AE1746 /* networkConnection */,
				50428C681A72E66B00AE1746 /* controller */,
				5097BB171A37CF540072D70A /* model */,
				50F420561A2C22B100814EDC /* images */,
				50F420501A2C09D600814EDC /* parse */,
				50BE07181A254A3900E21D68 /* launchAnimation */,
				501690331A1332EB00EEDB10 /* common */,
				501690101A132CB800EEDB10 /* AppDelegate.h */,
				501690111A132CB800EEDB10 /* AppDelegate.m */,
				501690131A132CB800EEDB10 /* Images.xcassets */,
				501690081A132CB800EEDB10 /* Supporting Files */,
			);
			path = Snake;
			sourceTree = "<group>";
		};
		501690081A132CB800EEDB10 /* Supporting Files */ = {
			isa = PBXGroup;
			children = (
				501690091A132CB800EEDB10 /* Snake.temp_caseinsensitive_rename.temp_caseinsensitive_rename-Info.plist */,
				5016900A1A132CB800EEDB10 /* InfoPlist.strings */,
				5016900D1A132CB800EEDB10 /* main.m */,
				5016900F1A132CB800EEDB10 /* Snake.temp_caseinsensitive_rename.temp_caseinsensitive_rename-Prefix.pch */,
			);
			name = "Supporting Files";
			sourceTree = "<group>";
		};
		501690201A132CB900EEDB10 /* SnakeTests */ = {
			isa = PBXGroup;
			children = (
				501690261A132CB900EEDB10 /* SnakeTests.m */,
				501690211A132CB900EEDB10 /* Supporting Files */,
			);
			path = SnakeTests;
			sourceTree = "<group>";
		};
		501690211A132CB900EEDB10 /* Supporting Files */ = {
			isa = PBXGroup;
			children = (
				501690221A132CB900EEDB10 /* Snake.temp_caseinsensitive_rename.temp_caseinsensitive_renameTests-Info.plist */,
				501690231A132CB900EEDB10 /* InfoPlist.strings */,
			);
			name = "Supporting Files";
			sourceTree = "<group>";
		};
		501690331A1332EB00EEDB10 /* common */ = {
			isa = PBXGroup;
			children = (
				50BE07571A254DAA00E21D68 /* NSString+CustomCategory.h */,
				50BE07581A254DAA00E21D68 /* NSString+CustomCategory.m */,
				5016903A1A1332EB00EEDB10 /* UIViewExt.h */,
				5016903B1A1332EB00EEDB10 /* UIViewExt.m */,
				50428C7B1A72F2B500AE1746 /* common.h */,
				50428C7C1A72F2B500AE1746 /* common.m */,
			);
			path = common;
			sourceTree = "<group>";
		};
		5026CAE81A9B58F8002FE2EE /* Reachability */ = {
			isa = PBXGroup;
			children = (
				5026CAE91A9B58F8002FE2EE /* NetStateCheck.h */,
				5026CAEA1A9B58F8002FE2EE /* NetStateCheck.m */,
				5026CAEB1A9B58F8002FE2EE /* Reachability.h */,
				5026CAEC1A9B58F8002FE2EE /* Reachability.m */,
			);
			name = Reachability;
			path = Snake/Reachability;
			sourceTree = "<group>";
		};
		50428C681A72E66B00AE1746 /* controller */ = {
			isa = PBXGroup;
			children = (
				50428C721A72E69300AE1746 /* GameViewController.h */,
				50428C731A72E69300AE1746 /* GameViewController.m */,
				50428C691A72E66B00AE1746 /* RootViewController.h */,
				50428C6A1A72E66B00AE1746 /* RootViewController.m */,
				5037B49C1A9D74E100D4380E /* LevelViewController.h */,
				5037B49D1A9D74E100D4380E /* LevelViewController.m */,
				50428C6B1A72E66B00AE1746 /* SearchViewController.h */,
				50428C6C1A72E66B00AE1746 /* SearchViewController.m */,
				50428C6D1A72E66B00AE1746 /* SecondControllerViewController.h */,
				50428C6E1A72E66B00AE1746 /* SecondControllerViewController.m */,
				50428C781A72F17B00AE1746 /* HighScoresViewController.h */,
				50428C791A72F17B00AE1746 /* HighScoresViewController.m */,
				50428C7E1A73048F00AE1746 /* BaseViewController.h */,
				50428C7F1A73048F00AE1746 /* BaseViewController.m */,
				501A3A211A81877000CA4F54 /* InstructionViewController.h */,
				501A3A221A81877000CA4F54 /* InstructionViewController.m */,
			);
			path = controller;
			sourceTree = "<group>";
		};
		50428C831A73113C00AE1746 /* networkConnection */ = {
			isa = PBXGroup;
			children = (
				5091025D1AABE05A00B741DB /* NetworkConnection.h */,
				50428C841A73115C00AE1746 /* NetWorkingConnetion.h */,
				50428C851A73115C00AE1746 /* NetWorkingConnetion.m */,
			);
			path = networkConnection;
			sourceTree = "<group>";
		};
		5066CB291AB229FD00D7F6B4 /* versionCheck */ = {
			isa = PBXGroup;
			children = (
				5066CB2A1AB229FD00D7F6B4 /* NSDate+Ext.h */,
				5066CB2B1AB229FD00D7F6B4 /* NSDate+Ext.m */,
				5066CB2C1AB229FD00D7F6B4 /* NSString+Ext.h */,
				5066CB2D1AB229FD00D7F6B4 /* NSString+Ext.m */,
				5066CB2E1AB229FD00D7F6B4 /* VersionUpdateAssistant.h */,
				5066CB2F1AB229FD00D7F6B4 /* VersionUpdateAssistant.m */,
			);
			name = versionCheck;
			path = Snake/versionCheck;
			sourceTree = "<group>";
		};
		5066CB331AB242DB00D7F6B4 /* FacebookSDK */ = {
			isa = PBXGroup;
			children = (
				5066CB351AB242DB00D7F6B4 /* FacebookSDK.framework */,
			);
			name = FacebookSDK;
			path = Snake/FacebookSDK;
			sourceTree = "<group>";
		};
		508373F31A708EDF001AC2E5 /* AsyncSocket */ = {
			isa = PBXGroup;
			children = (
				508373F41A708EDF001AC2E5 /* AsyncSocket.h */,
				508373F51A708EDF001AC2E5 /* AsyncSocket.m */,
				508373F61A708EDF001AC2E5 /* AsyncUdpSocket.h */,
				508373F71A708EDF001AC2E5 /* AsyncUdpSocket.m */,
			);
			name = AsyncSocket;
			path = Snake/AsyncSocket;
			sourceTree = "<group>";
		};
		508FD4F31A81519400E9AA3A /* media */ = {
			isa = PBXGroup;
			children = (
				508FD4F41A81519400E9AA3A /* bgc.mp3 */,
				508FD4F51A81519400E9AA3A /* bite1.mp3 */,
				508FD4F61A81519400E9AA3A /* bite2.mp3 */,
				508FD4F71A81519400E9AA3A /* clock.mp3 */,
				508FD4F81A81519400E9AA3A /* cnhq.mp3 */,
				508FD4F91A81519400E9AA3A /* eatx1.wav */,
				508FD4FA1A81519400E9AA3A /* eatx2.wav */,
				508FD4FB1A81519400E9AA3A /* gear_ldown.mp3 */,
				508FD4FC1A81519400E9AA3A /* gear_lup.mp3 */,
				508FD4FD1A81519400E9AA3A /* gear_score.mp3 */,
				508FD4FE1A81519400E9AA3A /* gem.mp3 */,
				508FD4FF1A81519400E9AA3A /* menu.mp3 */,
				508FD5001A81519400E9AA3A /* snda.mp3 */,
				508FD5011A81519400E9AA3A /* sndb.mp3 */,
				508FD5021A81519400E9AA3A /* timeup.mp3 */,
				508FD5031A81519400E9AA3A /* up.mp3 */,
			);
			name = media;
			path = Snake/media;
			sourceTree = "<group>";
		};
		508FD54E1A81690E00E9AA3A /* musicHelper */ = {
			isa = PBXGroup;
			children = (
				508FD58B1A816D4000E9AA3A /* Snake-Bridging-Header.h */,
				508FD5901A81736000E9AA3A /* MusicManager.swift */,
			);
			path = musicHelper;
			sourceTree = "<group>";
		};
		5091025E1AAC0AB900B741DB /* customSubject */ = {
			isa = PBXGroup;
			children = (
				5091025F1AAC0AE200B741DB /* customNavigationCtr.h */,
				509102601AAC0AE200B741DB /* customNavigationCtr.m */,
			);
			path = customSubject;
			sourceTree = "<group>";
		};
		5097BB171A37CF540072D70A /* model */ = {
			isa = PBXGroup;
			children = (
				5097BB181A37CF540072D70A /* sqliteDataManage.h */,
				5097BB191A37CF540072D70A /* sqliteDataManage.m */,
			);
			path = model;
			sourceTree = "<group>";
		};
		50BE07181A254A3900E21D68 /* launchAnimation */ = {
			isa = PBXGroup;
			children = (
				50BE073E1A254C4200E21D68 /* launchImages */,
				50BE07191A254A3900E21D68 /* LaunchAnimationView.h */,
				50BE071A1A254A3900E21D68 /* LaunchAnimationView.m */,
				50BE072B1A254A3900E21D68 /* UIImageView+Ext.h */,
				50BE072C1A254A3900E21D68 /* UIImageView+Ext.m */,
			);
			path = launchAnimation;
			sourceTree = "<group>";
		};
		50BE073E1A254C4200E21D68 /* launchImages */ = {
			isa = PBXGroup;
			children = (
				50BE073F1A254C4200E21D68 /* launch1-568h.jpg */,
				50BE07401A254C4200E21D68 /* launch1.jpg */,
				50BE07411A254C4200E21D68 /* launch2-568h.jpg */,
				50BE07421A254C4200E21D68 /* launch2.jpg */,
				50BE07431A254C4200E21D68 /* launch3-568h.jpg */,
				50BE07441A254C4200E21D68 /* launch3.jpg */,
				50BE07451A254C4200E21D68 /* launch4-568h.jpg */,
				50BE07461A254C4200E21D68 /* launch4.jpg */,
				50BE07471A254C4200E21D68 /* launch5-568h.jpg */,
				50BE07481A254C4200E21D68 /* launch5.jpg */,
			);
			path = launchImages;
			sourceTree = "<group>";
		};
		50F420501A2C09D600814EDC /* parse */ = {
			isa = PBXGroup;
			children = (
				5088CD191A2C11C5006EDBD8 /* ParseManager.h */,
				5088CD1A1A2C11C5006EDBD8 /* ParseManager.m */,
			);
			path = parse;
			sourceTree = "<group>";
		};
		50F420561A2C22B100814EDC /* images */ = {
			isa = PBXGroup;
			children = (
				501FD56D1A9E61B00033E0A5 /* back01.jpg */,
				5066CD191AB28CCC00D7F6B4 /* facebook-icon.png */,
				501FD56E1A9E61B00033E0A5 /* back02.jpg */,
				501FD56F1A9E61B00033E0A5 /* back03.jpg */,
				501FD5701A9E61B00033E0A5 /* back04.jpg */,
				501FD5711A9E61B00033E0A5 /* back05.jpg */,
				501FD5721A9E61B00033E0A5 /* back06.jpg */,
				501FD5731A9E61B00033E0A5 /* back07.jpg */,
				501FD5751A9E61B00033E0A5 /* back09.jpg */,
				501FD5741A9E61B00033E0A5 /* back08.jpg */,
				501FD5821A9E6BE90033E0A5 /* back12.jpg */,
				501FD5891A9E6FDC0033E0A5 /* back20.jpg */,
				50FFAE671A89A96B00E0C0CB /* soundStop.png */,
				50428C811A73064300AE1746 /* Icon_LeftArrow_Normal.png */,
				501FD58B1A9E7C120033E0A5 /* 02.jpg */,
				50DDA4B11A42829100E5D530 /* 03.jpg */,
				50DDA4B21A42829100E5D530 /* background.png */,
				50DDA4B31A42829100E5D530 /* background2.png */,
				50DDA4C71A42873500E5D530 /* highScores.png */,
				50DDA4B51A42829100E5D530 /* icon114.png */,
				50DDA4B61A42829100E5D530 /* instruction.png */,
				50DDA4B71A42829100E5D530 /* snakePic.png */,
				50DDA4B81A42829100E5D530 /* snakeTitle.png */,
				50DDA4BA1A42829100E5D530 /* start.png */,
				50779E1F1A2D68A700DB44F2 /* Default2.png */,
				50779E1D1A2D67D500DB44F2 /* Default.png */,
				50F4205B1A2C239100814EDC /* icon120.png */,
				50F4205C1A2C239100814EDC /* icon180.png */,
			);
			path = images;
			sourceTree = "<group>";
		};
/* End PBXGroup section */

/* Begin PBXNativeTarget section */
		50168FFD1A132CB800EEDB10 /* Snake.temp_caseinsensitive_rename.temp_caseinsensitive_rename */ = {
			isa = PBXNativeTarget;
			buildConfigurationList = 5016902A1A132CB900EEDB10 /* Build configuration list for PBXNativeTarget "Snake.temp_caseinsensitive_rename.temp_caseinsensitive_rename" */;
			buildPhases = (
				50168FFA1A132CB800EEDB10 /* Sources */,
				50168FFB1A132CB800EEDB10 /* Frameworks */,
				50168FFC1A132CB800EEDB10 /* Resources */,
			);
			buildRules = (
			);
			dependencies = (
			);
			name = Snake.temp_caseinsensitive_rename.temp_caseinsensitive_rename;
			productName = Snake;
			productReference = 50168FFE1A132CB800EEDB10 /* Snake.app */;
			productType = "com.apple.product-type.application";
		};
		501690181A132CB900EEDB10 /* Snake.temp_caseinsensitive_rename.temp_caseinsensitive_renameTests */ = {
			isa = PBXNativeTarget;
			buildConfigurationList = 5016902D1A132CB900EEDB10 /* Build configuration list for PBXNativeTarget "Snake.temp_caseinsensitive_rename.temp_caseinsensitive_renameTests" */;
			buildPhases = (
				501690151A132CB900EEDB10 /* Sources */,
				501690161A132CB900EEDB10 /* Frameworks */,
				501690171A132CB900EEDB10 /* Resources */,
			);
			buildRules = (
			);
			dependencies = (
				5016901F1A132CB900EEDB10 /* PBXTargetDependency */,
			);
			name = Snake.temp_caseinsensitive_rename.temp_caseinsensitive_renameTests;
			productName = SnakeTests;
			productReference = 501690191A132CB900EEDB10 /* Snake.temp_caseinsensitive_rename.temp_caseinsensitive_renameTests.xctest */;
			productType = "com.apple.product-type.bundle.unit-test";
		};
/* End PBXNativeTarget section */

/* Begin PBXProject section */
		50168FF61A132CB800EEDB10 /* Project object */ = {
			isa = PBXProject;
			attributes = {
				LastUpgradeCheck = 0510;
				ORGANIZATIONNAME = "___FULLUSERNAME___";
				TargetAttributes = {
					501690181A132CB900EEDB10 = {
						TestTargetID = 50168FFD1A132CB800EEDB10;
					};
				};
			};
			buildConfigurationList = 50168FF91A132CB800EEDB10 /* Build configuration list for PBXProject "Snake" */;
			compatibilityVersion = "Xcode 3.2";
			developmentRegion = English;
			hasScannedForEncodings = 0;
			knownRegions = (
				en,
				he,
				Base,
			);
			mainGroup = 50168FF51A132CB800EEDB10;
			productRefGroup = 50168FFF1A132CB800EEDB10 /* Products */;
			projectDirPath = "";
			projectRoot = "";
			targets = (
				50168FFD1A132CB800EEDB10 /* Snake.temp_caseinsensitive_rename.temp_caseinsensitive_rename */,
				501690181A132CB900EEDB10 /* Snake.temp_caseinsensitive_rename.temp_caseinsensitive_renameTests */,
			);
		};
/* End PBXProject section */

/* Begin PBXResourcesBuildPhase section */
		50168FFC1A132CB800EEDB10 /* Resources */ = {
			isa = PBXResourcesBuildPhase;
			buildActionMask = 2147483647;
			files = (
				508FD50B1A81519400E9AA3A /* gear_ldown.mp3 in Resources */,
				50F4205D1A2C239100814EDC /* icon120.png in Resources */,
				50779E1E1A2D67D500DB44F2 /* Default.png in Resources */,
				50BE074E1A254C4200E21D68 /* launch3.jpg in Resources */,
				50F4205E1A2C239100814EDC /* icon180.png in Resources */,
				50BE07501A254C4200E21D68 /* launch4.jpg in Resources */,
				508FD50A1A81519400E9AA3A /* eatx2.wav in Resources */,
				5016900C1A132CB800EEDB10 /* InfoPlist.strings in Resources */,
				508FD5101A81519400E9AA3A /* snda.mp3 in Resources */,
				501FD57B1A9E61B00033E0A5 /* back05.jpg in Resources */,
				50BE07511A254C4200E21D68 /* launch5-568h.jpg in Resources */,
				50DDA4C11A42829100E5D530 /* snakePic.png in Resources */,
				508FD5041A81519400E9AA3A /* bgc.mp3 in Resources */,
				50779E201A2D68A700DB44F2 /* Default2.png in Resources */,
				501FD57F1A9E61B00033E0A5 /* back09.jpg in Resources */,
				50BE074D1A254C4200E21D68 /* launch3-568h.jpg in Resources */,
				5066CD1A1AB28CCC00D7F6B4 /* facebook-icon.png in Resources */,
				508FD5131A81519400E9AA3A /* up.mp3 in Resources */,
				508FD5091A81519400E9AA3A /* eatx1.wav in Resources */,
				508FD5071A81519400E9AA3A /* clock.mp3 in Resources */,
				50DDA4BC1A42829100E5D530 /* background.png in Resources */,
				501FD58A1A9E6FDC0033E0A5 /* back20.jpg in Resources */,
				50DDA4C41A42829100E5D530 /* start.png in Resources */,
				50DDA4C81A42873500E5D530 /* highScores.png in Resources */,
				50DDA4BB1A42829100E5D530 /* 03.jpg in Resources */,
				50BE074C1A254C4200E21D68 /* launch2.jpg in Resources */,
				508FD50F1A81519400E9AA3A /* menu.mp3 in Resources */,
				50BE07491A254C4200E21D68 /* launch1-568h.jpg in Resources */,
				50428C821A73064300AE1746 /* Icon_LeftArrow_Normal.png in Resources */,
				501FD5861A9E6BE90033E0A5 /* back12.jpg in Resources */,
				508FD5081A81519400E9AA3A /* cnhq.mp3 in Resources */,
				50DDA4C21A42829100E5D530 /* snakeTitle.png in Resources */,
				50DDA4BD1A42829100E5D530 /* background2.png in Resources */,
				508FD5121A81519400E9AA3A /* timeup.mp3 in Resources */,
				50BE074F1A254C4200E21D68 /* launch4-568h.jpg in Resources */,
				508FD5051A81519400E9AA3A /* bite1.mp3 in Resources */,
				50BE074B1A254C4200E21D68 /* launch2-568h.jpg in Resources */,
				50FFAE681A89A96B00E0C0CB /* soundStop.png in Resources */,
				501FD5771A9E61B00033E0A5 /* back01.jpg in Resources */,
				508FD5111A81519400E9AA3A /* sndb.mp3 in Resources */,
				50DDA4C01A42829100E5D530 /* instruction.png in Resources */,
				501FD57D1A9E61B00033E0A5 /* back07.jpg in Resources */,
				508FD50D1A81519400E9AA3A /* gear_score.mp3 in Resources */,
				50BE074A1A254C4200E21D68 /* launch1.jpg in Resources */,
				501FD57E1A9E61B00033E0A5 /* back08.jpg in Resources */,
				50DDA4BF1A42829100E5D530 /* icon114.png in Resources */,
				508FD50C1A81519400E9AA3A /* gear_lup.mp3 in Resources */,
				50DDA4CC1A428AA100E5D530 /* sound.png in Resources */,
				501FD5781A9E61B00033E0A5 /* back02.jpg in Resources */,
				501FD5791A9E61B00033E0A5 /* back03.jpg in Resources */,
				508FD5061A81519400E9AA3A /* bite2.mp3 in Resources */,
				501FD57C1A9E61B00033E0A5 /* back06.jpg in Resources */,
				50BE07521A254C4200E21D68 /* launch5.jpg in Resources */,
				508FD50E1A81519400E9AA3A /* gem.mp3 in Resources */,
				501FD58C1A9E7C120033E0A5 /* 02.jpg in Resources */,
				501690141A132CB800EEDB10 /* Images.xcassets in Resources */,
				501FD57A1A9E61B00033E0A5 /* back04.jpg in Resources */,
			);
			runOnlyForDeploymentPostprocessing = 0;
		};
		501690171A132CB900EEDB10 /* Resources */ = {
			isa = PBXResourcesBuildPhase;
			buildActionMask = 2147483647;
			files = (
				501690251A132CB900EEDB10 /* InfoPlist.strings in Resources */,
			);
			runOnlyForDeploymentPostprocessing = 0;
		};
/* End PBXResourcesBuildPhase section */

/* Begin PBXSourcesBuildPhase section */
		50168FFA1A132CB800EEDB10 /* Sources */ = {
			isa = PBXSourcesBuildPhase;
			buildActionMask = 2147483647;
			files = (
				50428C701A72E66B00AE1746 /* SearchViewController.m in Sources */,
				5026CAED1A9B58F8002FE2EE /* NetStateCheck.m in Sources */,
				50BE07591A254DAA00E21D68 /* NSString+CustomCategory.m in Sources */,
				50428C741A72E69300AE1746 /* GameViewController.m in Sources */,
				509102611AAC0AE200B741DB /* customNavigationCtr.m in Sources */,
				5066CB311AB229FD00D7F6B4 /* NSString+Ext.m in Sources */,
				508FD5911A81736000E9AA3A /* MusicManager.swift in Sources */,
				50428C6F1A72E66B00AE1746 /* RootViewController.m in Sources */,
				5066CB321AB229FD00D7F6B4 /* VersionUpdateAssistant.m in Sources */,
				508373F81A708EDF001AC2E5 /* AsyncSocket.m in Sources */,
				5016903F1A1332EB00EEDB10 /* UIViewExt.m in Sources */,
				50428C711A72E66B00AE1746 /* SecondControllerViewController.m in Sources */,
				50428C801A73048F00AE1746 /* BaseViewController.m in Sources */,
				50BE072D1A254A3900E21D68 /* LaunchAnimationView.m in Sources */,
				5088CD1B1A2C11C5006EDBD8 /* ParseManager.m in Sources */,
				5097BB1A1A37CF540072D70A /* sqliteDataManage.m in Sources */,
				50428C861A73115C00AE1746 /* NetWorkingConnetion.m in Sources */,
				5026CAEE1A9B58F8002FE2EE /* Reachability.m in Sources */,
				501690121A132CB800EEDB10 /* AppDelegate.m in Sources */,
				5016900E1A132CB800EEDB10 /* main.m in Sources */,
				50428C7D1A72F2B500AE1746 /* common.m in Sources */,
				50428C7A1A72F17B00AE1746 /* HighScoresViewController.m in Sources */,
				5066CB301AB229FD00D7F6B4 /* NSDate+Ext.m in Sources */,
				50BE073D1A254A3900E21D68 /* UIImageView+Ext.m in Sources */,
				508373F91A708EDF001AC2E5 /* AsyncUdpSocket.m in Sources */,
				5037B49E1A9D74E100D4380E /* LevelViewController.m in Sources */,
				501A3A231A81877000CA4F54 /* InstructionViewController.m in Sources */,
			);
			runOnlyForDeploymentPostprocessing = 0;
		};
		501690151A132CB900EEDB10 /* Sources */ = {
			isa = PBXSourcesBuildPhase;
			buildActionMask = 2147483647;
			files = (
				501690271A132CB900EEDB10 /* SnakeTests.m in Sources */,
			);
			runOnlyForDeploymentPostprocessing = 0;
		};
/* End PBXSourcesBuildPhase section */

/* Begin PBXTargetDependency section */
		5016901F1A132CB900EEDB10 /* PBXTargetDependency */ = {
			isa = PBXTargetDependency;
			target = 50168FFD1A132CB800EEDB10 /* Snake.temp_caseinsensitive_rename.temp_caseinsensitive_rename */;
			targetProxy = 5016901E1A132CB900EEDB10 /* PBXContainerItemProxy */;
		};
/* End PBXTargetDependency section */

/* Begin PBXVariantGroup section */
		5016900A1A132CB800EEDB10 /* InfoPlist.strings */ = {
			isa = PBXVariantGroup;
			children = (
				5016900B1A132CB800EEDB10 /* en */,
			);
			name = InfoPlist.strings;
			sourceTree = "<group>";
		};
		501690231A132CB900EEDB10 /* InfoPlist.strings */ = {
			isa = PBXVariantGroup;
			children = (
				501690241A132CB900EEDB10 /* en */,
			);
			name = InfoPlist.strings;
			sourceTree = "<group>";
		};
/* End PBXVariantGroup section */

/* Begin XCBuildConfiguration section */
		501690281A132CB900EEDB10 /* Debug */ = {
			isa = XCBuildConfiguration;
			buildSettings = {
				ALWAYS_SEARCH_USER_PATHS = NO;
				CLANG_CXX_LANGUAGE_STANDARD = "gnu++0x";
				CLANG_CXX_LIBRARY = "libc++";
				CLANG_ENABLE_MODULES = YES;
				CLANG_ENABLE_OBJC_ARC = YES;
				CLANG_WARN_BOOL_CONVERSION = YES;
				CLANG_WARN_CONSTANT_CONVERSION = YES;
				CLANG_WARN_DIRECT_OBJC_ISA_USAGE = YES_ERROR;
				CLANG_WARN_EMPTY_BODY = YES;
				CLANG_WARN_ENUM_CONVERSION = YES;
				CLANG_WARN_INT_CONVERSION = YES;
				CLANG_WARN_OBJC_ROOT_CLASS = YES_ERROR;
				CLANG_WARN__DUPLICATE_METHOD_MATCH = YES;
				"CODE_SIGN_IDENTITY[sdk=iphoneos*]" = "iPhone Developer";
				COPY_PHASE_STRIP = NO;
				GCC_C_LANGUAGE_STANDARD = gnu99;
				GCC_DYNAMIC_NO_PIC = NO;
				GCC_OPTIMIZATION_LEVEL = 0;
				GCC_PREPROCESSOR_DEFINITIONS = (
					"DEBUG=1",
					"$(inherited)",
				);
				GCC_SYMBOLS_PRIVATE_EXTERN = NO;
				GCC_WARN_64_TO_32_BIT_CONVERSION = YES;
				GCC_WARN_ABOUT_RETURN_TYPE = YES_ERROR;
				GCC_WARN_UNDECLARED_SELECTOR = YES;
				GCC_WARN_UNINITIALIZED_AUTOS = YES_AGGRESSIVE;
				GCC_WARN_UNUSED_FUNCTION = YES;
				GCC_WARN_UNUSED_VARIABLE = YES;
				IPHONEOS_DEPLOYMENT_TARGET = 7.1;
				ONLY_ACTIVE_ARCH = YES;
				SDKROOT = iphoneos;
			};
			name = Debug;
		};
		501690291A132CB900EEDB10 /* Release */ = {
			isa = XCBuildConfiguration;
			buildSettings = {
				ALWAYS_SEARCH_USER_PATHS = NO;
				CLANG_CXX_LANGUAGE_STANDARD = "gnu++0x";
				CLANG_CXX_LIBRARY = "libc++";
				CLANG_ENABLE_MODULES = YES;
				CLANG_ENABLE_OBJC_ARC = YES;
				CLANG_WARN_BOOL_CONVERSION = YES;
				CLANG_WARN_CONSTANT_CONVERSION = YES;
				CLANG_WARN_DIRECT_OBJC_ISA_USAGE = YES_ERROR;
				CLANG_WARN_EMPTY_BODY = YES;
				CLANG_WARN_ENUM_CONVERSION = YES;
				CLANG_WARN_INT_CONVERSION = YES;
				CLANG_WARN_OBJC_ROOT_CLASS = YES_ERROR;
				CLANG_WARN__DUPLICATE_METHOD_MATCH = YES;
				"CODE_SIGN_IDENTITY[sdk=iphoneos*]" = "iPhone Developer";
				COPY_PHASE_STRIP = YES;
				ENABLE_NS_ASSERTIONS = NO;
				GCC_C_LANGUAGE_STANDARD = gnu99;
				GCC_WARN_64_TO_32_BIT_CONVERSION = YES;
				GCC_WARN_ABOUT_RETURN_TYPE = YES_ERROR;
				GCC_WARN_UNDECLARED_SELECTOR = YES;
				GCC_WARN_UNINITIALIZED_AUTOS = YES_AGGRESSIVE;
				GCC_WARN_UNUSED_FUNCTION = YES;
				GCC_WARN_UNUSED_VARIABLE = YES;
				IPHONEOS_DEPLOYMENT_TARGET = 7.1;
				SDKROOT = iphoneos;
				VALIDATE_PRODUCT = YES;
			};
			name = Release;
		};
		5016902B1A132CB900EEDB10 /* Debug */ = {
			isa = XCBuildConfiguration;
			buildSettings = {
				ASSETCATALOG_COMPILER_APPICON_NAME = AppIcon;
				ASSETCATALOG_COMPILER_LAUNCHIMAGE_NAME = LaunchImage;
				CLANG_ENABLE_MODULES = YES;
				CODE_SIGN_IDENTITY = "iPhone Developer: Chao Wang (H8P8MZJ29X)";
				FRAMEWORK_SEARCH_PATHS = (
					"$(inherited)",
					"$(PROJECT_DIR)/Snake/parse",
					"$(PROJECT_DIR)/Snake/FacebookSDK",
				);
				GCC_PRECOMPILE_PREFIX_HEADER = YES;
				GCC_PREFIX_HEADER = "Snake/Snake.temp_caseinsensitive_rename.temp_caseinsensitive_rename-Prefix.pch";
				INFOPLIST_FILE = "Snake/Snake.temp_caseinsensitive_rename.temp_caseinsensitive_rename-Info.plist";
				LD_RUNPATH_SEARCH_PATHS = "$(inherited) @executable_path/Frameworks";
				PRODUCT_NAME = Snake;
				PROVISIONING_PROFILE = "e93b8f30-068a-43db-bb58-85a7de7d008d";
				RUN_CLANG_STATIC_ANALYZER = YES;
				SWIFT_OBJC_BRIDGING_HEADER = "Snake/musicHelper/Snake-Bridging-Header.h";
				SWIFT_OPTIMIZATION_LEVEL = "-Onone";
				WRAPPER_EXTENSION = app;
			};
			name = Debug;
		};
		5016902C1A132CB900EEDB10 /* Release */ = {
			isa = XCBuildConfiguration;
			buildSettings = {
				ASSETCATALOG_COMPILER_APPICON_NAME = AppIcon;
				ASSETCATALOG_COMPILER_LAUNCHIMAGE_NAME = LaunchImage;
				CLANG_ENABLE_MODULES = YES;
				CODE_SIGN_IDENTITY = "iPhone Developer: Chao Wang (H8P8MZJ29X)";
				FRAMEWORK_SEARCH_PATHS = (
					"$(inherited)",
					"$(PROJECT_DIR)/Snake/parse",
					"$(PROJECT_DIR)/Snake/FacebookSDK",
				);
				GCC_PRECOMPILE_PREFIX_HEADER = YES;
				GCC_PREFIX_HEADER = "Snake/Snake.temp_caseinsensitive_rename.temp_caseinsensitive_rename-Prefix.pch";
				INFOPLIST_FILE = "Snake/Snake.temp_caseinsensitive_rename.temp_caseinsensitive_rename-Info.plist";
				LD_RUNPATH_SEARCH_PATHS = "$(inherited) @executable_path/Frameworks";
				PRODUCT_NAME = Snake;
				PROVISIONING_PROFILE = "e93b8f30-068a-43db-bb58-85a7de7d008d";
				RUN_CLANG_STATIC_ANALYZER = YES;
				SWIFT_OBJC_BRIDGING_HEADER = "Snake/musicHelper/Snake-Bridging-Header.h";
				WRAPPER_EXTENSION = app;
			};
			name = Release;
		};
		5016902E1A132CB900EEDB10 /* Debug */ = {
			isa = XCBuildConfiguration;
			buildSettings = {
				FRAMEWORK_SEARCH_PATHS = (
					"$(SDKROOT)/Developer/Library/Frameworks",
					"$(inherited)",
					"$(DEVELOPER_FRAMEWORKS_DIR)",
				);
				GCC_PRECOMPILE_PREFIX_HEADER = YES;
				GCC_PREFIX_HEADER = "Snake/Snake-Prefix.pch";
				GCC_PREPROCESSOR_DEFINITIONS = (
					"DEBUG=1",
					"$(inherited)",
				);
				INFOPLIST_FILE = "SnakeTests/Snake.temp_caseinsensitive_rename.temp_caseinsensitive_renameTests-Info.plist";
				PRODUCT_NAME = Snake.temp_caseinsensitive_rename.temp_caseinsensitive_renameTests;
				TEST_HOST = "$(BUILT_PRODUCTS_DIR)/Snake.app/Snake";
				WRAPPER_EXTENSION = xctest;
			};
			name = Debug;
		};
		5016902F1A132CB900EEDB10 /* Release */ = {
			isa = XCBuildConfiguration;
			buildSettings = {
				FRAMEWORK_SEARCH_PATHS = (
					"$(SDKROOT)/Developer/Library/Frameworks",
					"$(inherited)",
					"$(DEVELOPER_FRAMEWORKS_DIR)",
				);
				GCC_PRECOMPILE_PREFIX_HEADER = YES;
				GCC_PREFIX_HEADER = "Snake/Snake-Prefix.pch";
				INFOPLIST_FILE = "SnakeTests/Snake.temp_caseinsensitive_rename.temp_caseinsensitive_renameTests-Info.plist";
				PRODUCT_NAME = Snake.temp_caseinsensitive_rename.temp_caseinsensitive_renameTests;
				TEST_HOST = "$(BUILT_PRODUCTS_DIR)/Snake.app/Snake";
				WRAPPER_EXTENSION = xctest;
			};
			name = Release;
		};
/* End XCBuildConfiguration section */

/* Begin XCConfigurationList section */
		50168FF91A132CB800EEDB10 /* Build configuration list for PBXProject "Snake" */ = {
			isa = XCConfigurationList;
			buildConfigurations = (
				501690281A132CB900EEDB10 /* Debug */,
				501690291A132CB900EEDB10 /* Release */,
			);
			defaultConfigurationIsVisible = 0;
			defaultConfigurationName = Release;
		};
		5016902A1A132CB900EEDB10 /* Build configuration list for PBXNativeTarget "Snake.temp_caseinsensitive_rename.temp_caseinsensitive_rename" */ = {
			isa = XCConfigurationList;
			buildConfigurations = (
				5016902B1A132CB900EEDB10 /* Debug */,
				5016902C1A132CB900EEDB10 /* Release */,
			);
			defaultConfigurationIsVisible = 0;
			defaultConfigurationName = Release;
		};
		5016902D1A132CB900EEDB10 /* Build configuration list for PBXNativeTarget "Snake.temp_caseinsensitive_rename.temp_caseinsensitive_renameTests" */ = {
			isa = XCConfigurationList;
			buildConfigurations = (
				5016902E1A132CB900EEDB10 /* Debug */,
				5016902F1A132CB900EEDB10 /* Release */,
			);
			defaultConfigurationIsVisible = 0;
			defaultConfigurationName = Release;
		};
/* End XCConfigurationList section */
	};
	rootObject = 50168FF61A132CB800EEDB10 /* Project object */;
}
